// !$*UTF8*$!
{
	archiveVersion = 1;
	classes = {
	};
	objectVersion = 55;
	objects = {

/* Begin PBXBuildFile section */
		5B7861B3284625B00094ECBC /* RestaurantDetail.storyboard in Resources */ = {isa = PBXBuildFile; fileRef = 5B7861B2284625B00094ECBC /* RestaurantDetail.storyboard */; };
		5B7861B7284625FF0094ECBC /* PhotoFilter.storyboard in Resources */ = {isa = PBXBuildFile; fileRef = 5B7861B6284625FF0094ECBC /* PhotoFilter.storyboard */; };
		5B7861B9284626070094ECBC /* ReviewForm.storyboard in Resources */ = {isa = PBXBuildFile; fileRef = 5B7861B8284626070094ECBC /* ReviewForm.storyboard */; };
		5B7861BB284627720094ECBC /* Segue.swift in Sources */ = {isa = PBXBuildFile; fileRef = 5B7861BA284627720094ECBC /* Segue.swift */; };
		5B866A93284A413B00A91B76 /* FilterData.plist in Resources */ = {isa = PBXBuildFile; fileRef = 5B866A92284A413B00A91B76 /* FilterData.plist */; };
		5B866A95284A418500A91B76 /* FilterItem.swift in Sources */ = {isa = PBXBuildFile; fileRef = 5B866A94284A418500A91B76 /* FilterItem.swift */; };
		5B866A97284A425500A91B76 /* FilterDataManager.swift in Sources */ = {isa = PBXBuildFile; fileRef = 5B866A96284A425500A91B76 /* FilterDataManager.swift */; };
		5B866A99284A43B600A91B76 /* ImageFiltering.swift in Sources */ = {isa = PBXBuildFile; fileRef = 5B866A98284A43B600A91B76 /* ImageFiltering.swift */; };
		5B866A9C284A47EA00A91B76 /* FilterCell.swift in Sources */ = {isa = PBXBuildFile; fileRef = 5B866A9B284A47EA00A91B76 /* FilterCell.swift */; };
		5B866A9E284A4A7200A91B76 /* PhotoFilterViewController.swift in Sources */ = {isa = PBXBuildFile; fileRef = 5B866A9D284A4A7200A91B76 /* PhotoFilterViewController.swift */; };
		5B8DACC828476FD300654642 /* LocationItem.swift in Sources */ = {isa = PBXBuildFile; fileRef = 5B8DACC728476FD300654642 /* LocationItem.swift */; };
		5B8DACCA284775F300654642 /* ExploreHeaderView.swift in Sources */ = {isa = PBXBuildFile; fileRef = 5B8DACC9284775F300654642 /* ExploreHeaderView.swift */; };
		5B8DACCD2847A46B00654642 /* RestaurantCell.swift in Sources */ = {isa = PBXBuildFile; fileRef = 5B8DACCC2847A46B00654642 /* RestaurantCell.swift */; };
		5B8DACD02847A5DC00654642 /* NoDataView.swift in Sources */ = {isa = PBXBuildFile; fileRef = 5B8DACCF2847A5DC00654642 /* NoDataView.swift */; };
		5B8DACD22847A64100654642 /* NoDataView.xib in Resources */ = {isa = PBXBuildFile; fileRef = 5B8DACD12847A64100654642 /* NoDataView.xib */; };
		5B8DACD42849092800654642 /* RatingsView.swift in Sources */ = {isa = PBXBuildFile; fileRef = 5B8DACD32849092800654642 /* RatingsView.swift */; };
		5B8DACD8284917C400654642 /* ReviewFormViewController.swift in Sources */ = {isa = PBXBuildFile; fileRef = 5B8DACD7284917C400654642 /* ReviewFormViewController.swift */; };
		5B8EB6CB283FE64E007A4A58 /* AppDelegate.swift in Sources */ = {isa = PBXBuildFile; fileRef = 5B8EB6CA283FE64E007A4A58 /* AppDelegate.swift */; };
		5B8EB6CD283FE64E007A4A58 /* SceneDelegate.swift in Sources */ = {isa = PBXBuildFile; fileRef = 5B8EB6CC283FE64E007A4A58 /* SceneDelegate.swift */; };
		5B8EB6D2283FE64E007A4A58 /* Main.storyboard in Resources */ = {isa = PBXBuildFile; fileRef = 5B8EB6D0283FE64E007A4A58 /* Main.storyboard */; };
		5B8EB6D4283FE652007A4A58 /* Assets.xcassets in Resources */ = {isa = PBXBuildFile; fileRef = 5B8EB6D3283FE652007A4A58 /* Assets.xcassets */; };
		5B8EB6D7283FE652007A4A58 /* LaunchScreen.storyboard in Resources */ = {isa = PBXBuildFile; fileRef = 5B8EB6D5283FE652007A4A58 /* LaunchScreen.storyboard */; };
		5B8EB6E02840DA79007A4A58 /* ExploreViewController.swift in Sources */ = {isa = PBXBuildFile; fileRef = 5B8EB6DF2840DA79007A4A58 /* ExploreViewController.swift */; };
		5B8EB6E328410408007A4A58 /* RestaurantListViewController.swift in Sources */ = {isa = PBXBuildFile; fileRef = 5B8EB6E228410408007A4A58 /* RestaurantListViewController.swift */; };
		5B8EB6E628413431007A4A58 /* ExploreData.plist in Resources */ = {isa = PBXBuildFile; fileRef = 5B8EB6E528413431007A4A58 /* ExploreData.plist */; };
		5B8EB6E8284134C5007A4A58 /* ExploreItem.swift in Sources */ = {isa = PBXBuildFile; fileRef = 5B8EB6E7284134C5007A4A58 /* ExploreItem.swift */; };
		5B8EB6EA28413620007A4A58 /* ExploreDataManager.swift in Sources */ = {isa = PBXBuildFile; fileRef = 5B8EB6E928413620007A4A58 /* ExploreDataManager.swift */; };
		5B9992A1284F92CF0016C990 /* LetsEatModel.xcdatamodeld in Sources */ = {isa = PBXBuildFile; fileRef = 5B99929F284F92CE0016C990 /* LetsEatModel.xcdatamodeld */; };
		5BCBFB17284658A3008586AE /* RestaurantDetailViewController.swift in Sources */ = {isa = PBXBuildFile; fileRef = 5BCBFB16284658A3008586AE /* RestaurantDetailViewController.swift */; };
		5BCBFB27284667CA008586AE /* New Orleans.json in Resources */ = {isa = PBXBuildFile; fileRef = 5BCBFB19284667C9008586AE /* New Orleans.json */; };
		5BCBFB28284667CA008586AE /* Charleston.json in Resources */ = {isa = PBXBuildFile; fileRef = 5BCBFB1A284667C9008586AE /* Charleston.json */; };
		5BCBFB29284667CA008586AE /* Boston.json in Resources */ = {isa = PBXBuildFile; fileRef = 5BCBFB1B284667C9008586AE /* Boston.json */; };
		5BCBFB2A284667CA008586AE /* San Francisco.json in Resources */ = {isa = PBXBuildFile; fileRef = 5BCBFB1C284667C9008586AE /* San Francisco.json */; };
		5BCBFB2B284667CA008586AE /* Portland.json in Resources */ = {isa = PBXBuildFile; fileRef = 5BCBFB1D284667C9008586AE /* Portland.json */; };
		5BCBFB2C284667CA008586AE /* Los Angeles.json in Resources */ = {isa = PBXBuildFile; fileRef = 5BCBFB1E284667C9008586AE /* Los Angeles.json */; };
		5BCBFB2D284667CA008586AE /* New York.json in Resources */ = {isa = PBXBuildFile; fileRef = 5BCBFB1F284667C9008586AE /* New York.json */; };
		5BCBFB2E284667CA008586AE /* Philadelphia.json in Resources */ = {isa = PBXBuildFile; fileRef = 5BCBFB20284667C9008586AE /* Philadelphia.json */; };
		5BCBFB2F284667CA008586AE /* Aspen.json in Resources */ = {isa = PBXBuildFile; fileRef = 5BCBFB21284667CA008586AE /* Aspen.json */; };
		5BCBFB30284667CA008586AE /* Miami.json in Resources */ = {isa = PBXBuildFile; fileRef = 5BCBFB22284667CA008586AE /* Miami.json */; };
		5BCBFB31284667CA008586AE /* Houston.json in Resources */ = {isa = PBXBuildFile; fileRef = 5BCBFB23284667CA008586AE /* Houston.json */; };
		5BCBFB32284667CA008586AE /* Chicago.json in Resources */ = {isa = PBXBuildFile; fileRef = 5BCBFB24284667CA008586AE /* Chicago.json */; };
		5BCBFB33284667CA008586AE /* Las Vegas.json in Resources */ = {isa = PBXBuildFile; fileRef = 5BCBFB25284667CA008586AE /* Las Vegas.json */; };
		5BCBFB34284667CA008586AE /* San Antonio.json in Resources */ = {isa = PBXBuildFile; fileRef = 5BCBFB26284667CA008586AE /* San Antonio.json */; };
		5BCBFB3728466A97008586AE /* RestaurantDataManager.swift in Sources */ = {isa = PBXBuildFile; fileRef = 5BCBFB3628466A97008586AE /* RestaurantDataManager.swift */; };
		5BEC3726284F965B00ED62D5 /* ReviewItem.swift in Sources */ = {isa = PBXBuildFile; fileRef = 5BEC3725284F965B00ED62D5 /* ReviewItem.swift */; };
		5BEC3728284F979D00ED62D5 /* RestaurantPhotoItem.swift in Sources */ = {isa = PBXBuildFile; fileRef = 5BEC3727284F979D00ED62D5 /* RestaurantPhotoItem.swift */; };
		5BEC372A284F9A3900ED62D5 /* CoreDataManager.swift in Sources */ = {isa = PBXBuildFile; fileRef = 5BEC3729284F9A3900ED62D5 /* CoreDataManager.swift */; };
		5BEC372D284FB2B000ED62D5 /* ReviewCell.swift in Sources */ = {isa = PBXBuildFile; fileRef = 5BEC372C284FB2B000ED62D5 /* ReviewCell.swift */; };
		5BEC372F284FB33500ED62D5 /* ReviewsViewController.swift in Sources */ = {isa = PBXBuildFile; fileRef = 5BEC372E284FB33500ED62D5 /* ReviewsViewController.swift */; };
		5BEC37322850E47300ED62D5 /* PhotoCell.swift in Sources */ = {isa = PBXBuildFile; fileRef = 5BEC37312850E47300ED62D5 /* PhotoCell.swift */; };
		5BEC37342850E50D00ED62D5 /* PhotosViewController.swift in Sources */ = {isa = PBXBuildFile; fileRef = 5BEC37332850E50D00ED62D5 /* PhotosViewController.swift */; };
		5BEC37362850FD2300ED62D5 /* Device.swift in Sources */ = {isa = PBXBuildFile; fileRef = 5BEC37352850FD2300ED62D5 /* Device.swift */; };
		5BFABEB82844CD5A00F2C454 /* ExploreCell.swift in Sources */ = {isa = PBXBuildFile; fileRef = 5BFABEB72844CD5A00F2C454 /* ExploreCell.swift */; };
		5BFABEBD2844DC6C00F2C454 /* LocationViewController.swift in Sources */ = {isa = PBXBuildFile; fileRef = 5BFABEBC2844DC6C00F2C454 /* LocationViewController.swift */; };
		5BFABEBF2844E14D00F2C454 /* Locations.plist in Resources */ = {isa = PBXBuildFile; fileRef = 5BFABEBE2844E14D00F2C454 /* Locations.plist */; };
		5BFABEC12844E36600F2C454 /* LocationDataManager.swift in Sources */ = {isa = PBXBuildFile; fileRef = 5BFABEC02844E36600F2C454 /* LocationDataManager.swift */; };
		5BFABEC5284508E000F2C454 /* MapLocations.plist in Resources */ = {isa = PBXBuildFile; fileRef = 5BFABEC4284508E000F2C454 /* MapLocations.plist */; };
		5BFABECB28450ACA00F2C454 /* RestaurantItem.swift in Sources */ = {isa = PBXBuildFile; fileRef = 5BFABECA28450ACA00F2C454 /* RestaurantItem.swift */; };
		5BFABECD28450F1E00F2C454 /* MapDataManager.swift in Sources */ = {isa = PBXBuildFile; fileRef = 5BFABECC28450F1E00F2C454 /* MapDataManager.swift */; };
		5BFABED12845154E00F2C454 /* DataManager.swift in Sources */ = {isa = PBXBuildFile; fileRef = 5BFABED02845154E00F2C454 /* DataManager.swift */; };
		5BFABED328451C0700F2C454 /* MapViewController.swift in Sources */ = {isa = PBXBuildFile; fileRef = 5BFABED228451C0700F2C454 /* MapViewController.swift */; };
/* End PBXBuildFile section */

/* Begin PBXFileReference section */
		5B7861B2284625B00094ECBC /* RestaurantDetail.storyboard */ = {isa = PBXFileReference; fileEncoding = 4; lastKnownFileType = file.storyboard; path = RestaurantDetail.storyboard; sourceTree = "<group>"; };
		5B7861B6284625FF0094ECBC /* PhotoFilter.storyboard */ = {isa = PBXFileReference; fileEncoding = 4; lastKnownFileType = file.storyboard; path = PhotoFilter.storyboard; sourceTree = "<group>"; };
		5B7861B8284626070094ECBC /* ReviewForm.storyboard */ = {isa = PBXFileReference; fileEncoding = 4; lastKnownFileType = file.storyboard; path = ReviewForm.storyboard; sourceTree = "<group>"; };
		5B7861BA284627720094ECBC /* Segue.swift */ = {isa = PBXFileReference; lastKnownFileType = sourcecode.swift; path = Segue.swift; sourceTree = "<group>"; };
		5B866A92284A413B00A91B76 /* FilterData.plist */ = {isa = PBXFileReference; fileEncoding = 4; lastKnownFileType = text.plist.xml; path = FilterData.plist; sourceTree = "<group>"; };
		5B866A94284A418500A91B76 /* FilterItem.swift */ = {isa = PBXFileReference; lastKnownFileType = sourcecode.swift; path = FilterItem.swift; sourceTree = "<group>"; };
		5B866A96284A425500A91B76 /* FilterDataManager.swift */ = {isa = PBXFileReference; lastKnownFileType = sourcecode.swift; path = FilterDataManager.swift; sourceTree = "<group>"; };
		5B866A98284A43B600A91B76 /* ImageFiltering.swift */ = {isa = PBXFileReference; lastKnownFileType = sourcecode.swift; path = ImageFiltering.swift; sourceTree = "<group>"; };
		5B866A9B284A47EA00A91B76 /* FilterCell.swift */ = {isa = PBXFileReference; lastKnownFileType = sourcecode.swift; path = FilterCell.swift; sourceTree = "<group>"; };
		5B866A9D284A4A7200A91B76 /* PhotoFilterViewController.swift */ = {isa = PBXFileReference; lastKnownFileType = sourcecode.swift; path = PhotoFilterViewController.swift; sourceTree = "<group>"; };
		5B8DACC728476FD300654642 /* LocationItem.swift */ = {isa = PBXFileReference; lastKnownFileType = sourcecode.swift; path = LocationItem.swift; sourceTree = "<group>"; };
		5B8DACC9284775F300654642 /* ExploreHeaderView.swift */ = {isa = PBXFileReference; lastKnownFileType = sourcecode.swift; path = ExploreHeaderView.swift; sourceTree = "<group>"; };
		5B8DACCC2847A46B00654642 /* RestaurantCell.swift */ = {isa = PBXFileReference; lastKnownFileType = sourcecode.swift; path = RestaurantCell.swift; sourceTree = "<group>"; };
		5B8DACCF2847A5DC00654642 /* NoDataView.swift */ = {isa = PBXFileReference; lastKnownFileType = sourcecode.swift; path = NoDataView.swift; sourceTree = "<group>"; };
		5B8DACD12847A64100654642 /* NoDataView.xib */ = {isa = PBXFileReference; lastKnownFileType = file.xib; path = NoDataView.xib; sourceTree = "<group>"; };
		5B8DACD32849092800654642 /* RatingsView.swift */ = {isa = PBXFileReference; lastKnownFileType = sourcecode.swift; path = RatingsView.swift; sourceTree = "<group>"; };
		5B8DACD7284917C400654642 /* ReviewFormViewController.swift */ = {isa = PBXFileReference; lastKnownFileType = sourcecode.swift; path = ReviewFormViewController.swift; sourceTree = "<group>"; };
		5B8EB6C7283FE64E007A4A58 /* LetsEat.app */ = {isa = PBXFileReference; explicitFileType = wrapper.application; includeInIndex = 0; path = LetsEat.app; sourceTree = BUILT_PRODUCTS_DIR; };
		5B8EB6CA283FE64E007A4A58 /* AppDelegate.swift */ = {isa = PBXFileReference; lastKnownFileType = sourcecode.swift; path = AppDelegate.swift; sourceTree = "<group>"; };
		5B8EB6CC283FE64E007A4A58 /* SceneDelegate.swift */ = {isa = PBXFileReference; lastKnownFileType = sourcecode.swift; path = SceneDelegate.swift; sourceTree = "<group>"; };
		5B8EB6D1283FE64E007A4A58 /* Base */ = {isa = PBXFileReference; lastKnownFileType = file.storyboard; name = Base; path = Base.lproj/Main.storyboard; sourceTree = "<group>"; };
		5B8EB6D3283FE652007A4A58 /* Assets.xcassets */ = {isa = PBXFileReference; lastKnownFileType = folder.assetcatalog; path = Assets.xcassets; sourceTree = "<group>"; };
		5B8EB6D6283FE652007A4A58 /* Base */ = {isa = PBXFileReference; lastKnownFileType = file.storyboard; name = Base; path = Base.lproj/LaunchScreen.storyboard; sourceTree = "<group>"; };
		5B8EB6D8283FE653007A4A58 /* Info.plist */ = {isa = PBXFileReference; lastKnownFileType = text.plist.xml; path = Info.plist; sourceTree = "<group>"; };
		5B8EB6DF2840DA79007A4A58 /* ExploreViewController.swift */ = {isa = PBXFileReference; lastKnownFileType = sourcecode.swift; path = ExploreViewController.swift; sourceTree = "<group>"; };
		5B8EB6E228410408007A4A58 /* RestaurantListViewController.swift */ = {isa = PBXFileReference; lastKnownFileType = sourcecode.swift; path = RestaurantListViewController.swift; sourceTree = "<group>"; };
		5B8EB6E528413431007A4A58 /* ExploreData.plist */ = {isa = PBXFileReference; fileEncoding = 4; lastKnownFileType = text.plist.xml; path = ExploreData.plist; sourceTree = "<group>"; };
		5B8EB6E7284134C5007A4A58 /* ExploreItem.swift */ = {isa = PBXFileReference; lastKnownFileType = sourcecode.swift; path = ExploreItem.swift; sourceTree = "<group>"; };
		5B8EB6E928413620007A4A58 /* ExploreDataManager.swift */ = {isa = PBXFileReference; lastKnownFileType = sourcecode.swift; path = ExploreDataManager.swift; sourceTree = "<group>"; };
		5B9992A0284F92CF0016C990 /* LetsEatModel.xcdatamodel */ = {isa = PBXFileReference; lastKnownFileType = wrapper.xcdatamodel; path = LetsEatModel.xcdatamodel; sourceTree = "<group>"; };
		5BCBFB16284658A3008586AE /* RestaurantDetailViewController.swift */ = {isa = PBXFileReference; lastKnownFileType = sourcecode.swift; path = RestaurantDetailViewController.swift; sourceTree = "<group>"; };
		5BCBFB19284667C9008586AE /* New Orleans.json */ = {isa = PBXFileReference; fileEncoding = 4; lastKnownFileType = text.json; path = "New Orleans.json"; sourceTree = "<group>"; };
		5BCBFB1A284667C9008586AE /* Charleston.json */ = {isa = PBXFileReference; fileEncoding = 4; lastKnownFileType = text.json; path = Charleston.json; sourceTree = "<group>"; };
		5BCBFB1B284667C9008586AE /* Boston.json */ = {isa = PBXFileReference; fileEncoding = 4; lastKnownFileType = text.json; path = Boston.json; sourceTree = "<group>"; };
		5BCBFB1C284667C9008586AE /* San Francisco.json */ = {isa = PBXFileReference; fileEncoding = 4; lastKnownFileType = text.json; path = "San Francisco.json"; sourceTree = "<group>"; };
		5BCBFB1D284667C9008586AE /* Portland.json */ = {isa = PBXFileReference; fileEncoding = 4; lastKnownFileType = text.json; path = Portland.json; sourceTree = "<group>"; };
		5BCBFB1E284667C9008586AE /* Los Angeles.json */ = {isa = PBXFileReference; fileEncoding = 4; lastKnownFileType = text.json; path = "Los Angeles.json"; sourceTree = "<group>"; };
		5BCBFB1F284667C9008586AE /* New York.json */ = {isa = PBXFileReference; fileEncoding = 4; lastKnownFileType = text.json; path = "New York.json"; sourceTree = "<group>"; };
		5BCBFB20284667C9008586AE /* Philadelphia.json */ = {isa = PBXFileReference; fileEncoding = 4; lastKnownFileType = text.json; path = Philadelphia.json; sourceTree = "<group>"; };
		5BCBFB21284667CA008586AE /* Aspen.json */ = {isa = PBXFileReference; fileEncoding = 4; lastKnownFileType = text.json; path = Aspen.json; sourceTree = "<group>"; };
		5BCBFB22284667CA008586AE /* Miami.json */ = {isa = PBXFileReference; fileEncoding = 4; lastKnownFileType = text.json; path = Miami.json; sourceTree = "<group>"; };
		5BCBFB23284667CA008586AE /* Houston.json */ = {isa = PBXFileReference; fileEncoding = 4; lastKnownFileType = text.json; path = Houston.json; sourceTree = "<group>"; };
		5BCBFB24284667CA008586AE /* Chicago.json */ = {isa = PBXFileReference; fileEncoding = 4; lastKnownFileType = text.json; path = Chicago.json; sourceTree = "<group>"; };
		5BCBFB25284667CA008586AE /* Las Vegas.json */ = {isa = PBXFileReference; fileEncoding = 4; lastKnownFileType = text.json; path = "Las Vegas.json"; sourceTree = "<group>"; };
		5BCBFB26284667CA008586AE /* San Antonio.json */ = {isa = PBXFileReference; fileEncoding = 4; lastKnownFileType = text.json; path = "San Antonio.json"; sourceTree = "<group>"; };
		5BCBFB3628466A97008586AE /* RestaurantDataManager.swift */ = {isa = PBXFileReference; lastKnownFileType = sourcecode.swift; path = RestaurantDataManager.swift; sourceTree = "<group>"; };
		5BEC3725284F965B00ED62D5 /* ReviewItem.swift */ = {isa = PBXFileReference; lastKnownFileType = sourcecode.swift; path = ReviewItem.swift; sourceTree = "<group>"; };
		5BEC3727284F979D00ED62D5 /* RestaurantPhotoItem.swift */ = {isa = PBXFileReference; lastKnownFileType = sourcecode.swift; path = RestaurantPhotoItem.swift; sourceTree = "<group>"; };
		5BEC3729284F9A3900ED62D5 /* CoreDataManager.swift */ = {isa = PBXFileReference; lastKnownFileType = sourcecode.swift; path = CoreDataManager.swift; sourceTree = "<group>"; };
		5BEC372C284FB2B000ED62D5 /* ReviewCell.swift */ = {isa = PBXFileReference; lastKnownFileType = sourcecode.swift; path = ReviewCell.swift; sourceTree = "<group>"; };
		5BEC372E284FB33500ED62D5 /* ReviewsViewController.swift */ = {isa = PBXFileReference; lastKnownFileType = sourcecode.swift; path = ReviewsViewController.swift; sourceTree = "<group>"; };
		5BEC37312850E47300ED62D5 /* PhotoCell.swift */ = {isa = PBXFileReference; lastKnownFileType = sourcecode.swift; path = PhotoCell.swift; sourceTree = "<group>"; };
		5BEC37332850E50D00ED62D5 /* PhotosViewController.swift */ = {isa = PBXFileReference; lastKnownFileType = sourcecode.swift; path = PhotosViewController.swift; sourceTree = "<group>"; };
		5BEC37352850FD2300ED62D5 /* Device.swift */ = {isa = PBXFileReference; lastKnownFileType = sourcecode.swift; path = Device.swift; sourceTree = "<group>"; };
		5BFABEB72844CD5A00F2C454 /* ExploreCell.swift */ = {isa = PBXFileReference; lastKnownFileType = sourcecode.swift; path = ExploreCell.swift; sourceTree = "<group>"; };
		5BFABEBC2844DC6C00F2C454 /* LocationViewController.swift */ = {isa = PBXFileReference; lastKnownFileType = sourcecode.swift; path = LocationViewController.swift; sourceTree = "<group>"; };
		5BFABEBE2844E14D00F2C454 /* Locations.plist */ = {isa = PBXFileReference; lastKnownFileType = text.plist.xml; path = Locations.plist; sourceTree = "<group>"; };
		5BFABEC02844E36600F2C454 /* LocationDataManager.swift */ = {isa = PBXFileReference; lastKnownFileType = sourcecode.swift; path = LocationDataManager.swift; sourceTree = "<group>"; };
		5BFABEC4284508E000F2C454 /* MapLocations.plist */ = {isa = PBXFileReference; fileEncoding = 4; lastKnownFileType = text.plist.xml; path = MapLocations.plist; sourceTree = "<group>"; };
		5BFABECA28450ACA00F2C454 /* RestaurantItem.swift */ = {isa = PBXFileReference; lastKnownFileType = sourcecode.swift; path = RestaurantItem.swift; sourceTree = "<group>"; };
		5BFABECC28450F1E00F2C454 /* MapDataManager.swift */ = {isa = PBXFileReference; lastKnownFileType = sourcecode.swift; path = MapDataManager.swift; sourceTree = "<group>"; };
		5BFABED02845154E00F2C454 /* DataManager.swift */ = {isa = PBXFileReference; lastKnownFileType = sourcecode.swift; path = DataManager.swift; sourceTree = "<group>"; };
		5BFABED228451C0700F2C454 /* MapViewController.swift */ = {isa = PBXFileReference; lastKnownFileType = sourcecode.swift; path = MapViewController.swift; sourceTree = "<group>"; };
/* End PBXFileReference section */

/* Begin PBXFrameworksBuildPhase section */
		5B8EB6C4283FE64E007A4A58 /* Frameworks */ = {
			isa = PBXFrameworksBuildPhase;
			buildActionMask = 2147483647;
			files = (
			);
			runOnlyForDeploymentPostprocessing = 0;
		};
/* End PBXFrameworksBuildPhase section */

/* Begin PBXGroup section */
		5B7861B1284625390094ECBC /* RestaurantDetail */ = {
			isa = PBXGroup;
			children = (
				5B7861B2284625B00094ECBC /* RestaurantDetail.storyboard */,
				5BCBFB16284658A3008586AE /* RestaurantDetailViewController.swift */,
			);
			path = RestaurantDetail;
			sourceTree = "<group>";
		};
		5B7861B4284625DE0094ECBC /* ReviewForm */ = {
			isa = PBXGroup;
			children = (
				5B9992A2284F94DE0016C990 /* Model */,
				5B7861B8284626070094ECBC /* ReviewForm.storyboard */,
				5B8DACD32849092800654642 /* RatingsView.swift */,
				5B8DACD7284917C400654642 /* ReviewFormViewController.swift */,
			);
			path = ReviewForm;
			sourceTree = "<group>";
		};
		5B7861B5284625EA0094ECBC /* PhotoFilter */ = {
			isa = PBXGroup;
			children = (
				5B866A9A284A47B900A91B76 /* View */,
				5B866A91284A413000A91B76 /* Model */,
				5B7861B6284625FF0094ECBC /* PhotoFilter.storyboard */,
				5B866A98284A43B600A91B76 /* ImageFiltering.swift */,
				5B866A9D284A4A7200A91B76 /* PhotoFilterViewController.swift */,
			);
			path = PhotoFilter;
			sourceTree = "<group>";
		};
		5B866A91284A413000A91B76 /* Model */ = {
			isa = PBXGroup;
			children = (
				5B866A92284A413B00A91B76 /* FilterData.plist */,
				5B866A94284A418500A91B76 /* FilterItem.swift */,
				5B866A96284A425500A91B76 /* FilterDataManager.swift */,
				5BEC3727284F979D00ED62D5 /* RestaurantPhotoItem.swift */,
			);
			path = Model;
			sourceTree = "<group>";
		};
		5B866A9A284A47B900A91B76 /* View */ = {
			isa = PBXGroup;
			children = (
				5B866A9B284A47EA00A91B76 /* FilterCell.swift */,
			);
			path = View;
			sourceTree = "<group>";
		};
		5B8DACCB2847A44300654642 /* View */ = {
			isa = PBXGroup;
			children = (
				5B8DACCC2847A46B00654642 /* RestaurantCell.swift */,
			);
			path = View;
			sourceTree = "<group>";
		};
		5B8DACCE2847A5A200654642 /* No Data */ = {
			isa = PBXGroup;
			children = (
				5B8DACCF2847A5DC00654642 /* NoDataView.swift */,
				5B8DACD12847A64100654642 /* NoDataView.xib */,
			);
			path = "No Data";
			sourceTree = "<group>";
		};
		5B8EB6BE283FE64E007A4A58 = {
			isa = PBXGroup;
			children = (
				5B8EB6C9283FE64E007A4A58 /* LetsEat */,
				5B8EB6C8283FE64E007A4A58 /* Products */,
			);
			sourceTree = "<group>";
		};
		5B8EB6C8283FE64E007A4A58 /* Products */ = {
			isa = PBXGroup;
			children = (
				5B8EB6C7283FE64E007A4A58 /* LetsEat.app */,
			);
			name = Products;
			sourceTree = "<group>";
		};
		5B8EB6C9283FE64E007A4A58 /* LetsEat */ = {
			isa = PBXGroup;
			children = (
				5BEC37302850E44700ED62D5 /* PhotoReviews */,
				5BEC372B284FB28000ED62D5 /* Reviews */,
				5B7861B5284625EA0094ECBC /* PhotoFilter */,
				5B7861B4284625DE0094ECBC /* ReviewForm */,
				5B7861B1284625390094ECBC /* RestaurantDetail */,
				5BFABECF2845152600F2C454 /* Misc */,
				5BFABEC22845087100F2C454 /* Map */,
				5BFABEB92844DAD400F2C454 /* Location */,
				5B8EB6E1284103CB007A4A58 /* Restaurants */,
				5B8EB6DE2840D9F7007A4A58 /* Explore */,
				5B8EB6CA283FE64E007A4A58 /* AppDelegate.swift */,
				5B8EB6CC283FE64E007A4A58 /* SceneDelegate.swift */,
				5B8EB6D0283FE64E007A4A58 /* Main.storyboard */,
				5B8EB6D3283FE652007A4A58 /* Assets.xcassets */,
				5B8EB6D5283FE652007A4A58 /* LaunchScreen.storyboard */,
				5B8EB6D8283FE653007A4A58 /* Info.plist */,
			);
			path = LetsEat;
			sourceTree = "<group>";
		};
		5B8EB6DE2840D9F7007A4A58 /* Explore */ = {
			isa = PBXGroup;
			children = (
				5B8EB6E428413409007A4A58 /* Model */,
				5BFABEB42844CCE000F2C454 /* View */,
				5B8EB6DF2840DA79007A4A58 /* ExploreViewController.swift */,
			);
			path = Explore;
			sourceTree = "<group>";
		};
		5B8EB6E1284103CB007A4A58 /* Restaurants */ = {
			isa = PBXGroup;
			children = (
				5B8DACCB2847A44300654642 /* View */,
				5BCBFB3528466A81008586AE /* Model */,
				5B8EB6E228410408007A4A58 /* RestaurantListViewController.swift */,
			);
			path = Restaurants;
			sourceTree = "<group>";
		};
		5B8EB6E428413409007A4A58 /* Model */ = {
			isa = PBXGroup;
			children = (
				5B8EB6E528413431007A4A58 /* ExploreData.plist */,
				5B8EB6E7284134C5007A4A58 /* ExploreItem.swift */,
				5B8EB6E928413620007A4A58 /* ExploreDataManager.swift */,
			);
			path = Model;
			sourceTree = "<group>";
		};
		5B99929E284F92A40016C990 /* Core Data */ = {
			isa = PBXGroup;
			children = (
				5B99929F284F92CE0016C990 /* LetsEatModel.xcdatamodeld */,
				5BEC3729284F9A3900ED62D5 /* CoreDataManager.swift */,
			);
			path = "Core Data";
			sourceTree = "<group>";
		};
		5B9992A2284F94DE0016C990 /* Model */ = {
			isa = PBXGroup;
			children = (
				5BEC3725284F965B00ED62D5 /* ReviewItem.swift */,
			);
			path = Model;
			sourceTree = "<group>";
		};
		5BCBFB1828466790008586AE /* JSON */ = {
			isa = PBXGroup;
			children = (
				5BCBFB21284667CA008586AE /* Aspen.json */,
				5BCBFB1B284667C9008586AE /* Boston.json */,
				5BCBFB1A284667C9008586AE /* Charleston.json */,
				5BCBFB24284667CA008586AE /* Chicago.json */,
				5BCBFB23284667CA008586AE /* Houston.json */,
				5BCBFB25284667CA008586AE /* Las Vegas.json */,
				5BCBFB1E284667C9008586AE /* Los Angeles.json */,
				5BCBFB22284667CA008586AE /* Miami.json */,
				5BCBFB19284667C9008586AE /* New Orleans.json */,
				5BCBFB1F284667C9008586AE /* New York.json */,
				5BCBFB20284667C9008586AE /* Philadelphia.json */,
				5BCBFB1D284667C9008586AE /* Portland.json */,
				5BCBFB26284667CA008586AE /* San Antonio.json */,
				5BCBFB1C284667C9008586AE /* San Francisco.json */,
			);
			path = JSON;
			sourceTree = "<group>";
		};
		5BCBFB3528466A81008586AE /* Model */ = {
			isa = PBXGroup;
			children = (
				5BCBFB3628466A97008586AE /* RestaurantDataManager.swift */,
			);
			path = Model;
			sourceTree = "<group>";
		};
		5BEC372B284FB28000ED62D5 /* Reviews */ = {
			isa = PBXGroup;
			children = (
				5BEC372C284FB2B000ED62D5 /* ReviewCell.swift */,
				5BEC372E284FB33500ED62D5 /* ReviewsViewController.swift */,
			);
			path = Reviews;
			sourceTree = "<group>";
		};
		5BEC37302850E44700ED62D5 /* PhotoReviews */ = {
			isa = PBXGroup;
			children = (
				5BEC37312850E47300ED62D5 /* PhotoCell.swift */,
				5BEC37332850E50D00ED62D5 /* PhotosViewController.swift */,
			);
			path = PhotoReviews;
			sourceTree = "<group>";
		};
		5BFABEB42844CCE000F2C454 /* View */ = {
			isa = PBXGroup;
			children = (
				5BFABEB72844CD5A00F2C454 /* ExploreCell.swift */,
				5B8DACC9284775F300654642 /* ExploreHeaderView.swift */,
			);
			path = View;
			sourceTree = "<group>";
		};
		5BFABEB92844DAD400F2C454 /* Location */ = {
			isa = PBXGroup;
			children = (
				5BFABEBB2844DAFD00F2C454 /* Model */,
				5BFABEBA2844DAF500F2C454 /* View */,
				5BFABEBC2844DC6C00F2C454 /* LocationViewController.swift */,
			);
			path = Location;
			sourceTree = "<group>";
		};
		5BFABEBA2844DAF500F2C454 /* View */ = {
			isa = PBXGroup;
			children = (
			);
			path = View;
			sourceTree = "<group>";
		};
		5BFABEBB2844DAFD00F2C454 /* Model */ = {
			isa = PBXGroup;
			children = (
				5BFABEBE2844E14D00F2C454 /* Locations.plist */,
				5BFABEC02844E36600F2C454 /* LocationDataManager.swift */,
				5B8DACC728476FD300654642 /* LocationItem.swift */,
			);
			path = Model;
			sourceTree = "<group>";
		};
		5BFABEC22845087100F2C454 /* Map */ = {
			isa = PBXGroup;
			children = (
				5BFABEC32845088A00F2C454 /* Model */,
				5BFABED228451C0700F2C454 /* MapViewController.swift */,
			);
			path = Map;
			sourceTree = "<group>";
		};
		5BFABEC32845088A00F2C454 /* Model */ = {
			isa = PBXGroup;
			children = (
				5BFABEC4284508E000F2C454 /* MapLocations.plist */,
				5BFABECA28450ACA00F2C454 /* RestaurantItem.swift */,
				5BFABECC28450F1E00F2C454 /* MapDataManager.swift */,
			);
			path = Model;
			sourceTree = "<group>";
		};
		5BFABECF2845152600F2C454 /* Misc */ = {
			isa = PBXGroup;
			children = (
				5B99929E284F92A40016C990 /* Core Data */,
				5B8DACCE2847A5A200654642 /* No Data */,
				5BCBFB1828466790008586AE /* JSON */,
				5BFABED02845154E00F2C454 /* DataManager.swift */,
				5B7861BA284627720094ECBC /* Segue.swift */,
				5BEC37352850FD2300ED62D5 /* Device.swift */,
			);
			path = Misc;
			sourceTree = "<group>";
		};
/* End PBXGroup section */

/* Begin PBXNativeTarget section */
		5B8EB6C6283FE64E007A4A58 /* LetsEat */ = {
			isa = PBXNativeTarget;
			buildConfigurationList = 5B8EB6DB283FE653007A4A58 /* Build configuration list for PBXNativeTarget "LetsEat" */;
			buildPhases = (
				5B8EB6C3283FE64E007A4A58 /* Sources */,
				5B8EB6C4283FE64E007A4A58 /* Frameworks */,
				5B8EB6C5283FE64E007A4A58 /* Resources */,
			);
			buildRules = (
			);
			dependencies = (
			);
			name = LetsEat;
			productName = LetsEat;
			productReference = 5B8EB6C7283FE64E007A4A58 /* LetsEat.app */;
			productType = "com.apple.product-type.application";
		};
/* End PBXNativeTarget section */

/* Begin PBXProject section */
		5B8EB6BF283FE64E007A4A58 /* Project object */ = {
			isa = PBXProject;
			attributes = {
				BuildIndependentTargetsInParallel = 1;
				LastSwiftUpdateCheck = 1320;
				LastUpgradeCheck = 1320;
				TargetAttributes = {
					5B8EB6C6283FE64E007A4A58 = {
						CreatedOnToolsVersion = 13.2.1;
					};
				};
			};
			buildConfigurationList = 5B8EB6C2283FE64E007A4A58 /* Build configuration list for PBXProject "LetsEat" */;
			compatibilityVersion = "Xcode 13.0";
			developmentRegion = en;
			hasScannedForEncodings = 0;
			knownRegions = (
				en,
				Base,
			);
			mainGroup = 5B8EB6BE283FE64E007A4A58;
			productRefGroup = 5B8EB6C8283FE64E007A4A58 /* Products */;
			projectDirPath = "";
			projectRoot = "";
			targets = (
				5B8EB6C6283FE64E007A4A58 /* LetsEat */,
			);
		};
/* End PBXProject section */

/* Begin PBXResourcesBuildPhase section */
		5B8EB6C5283FE64E007A4A58 /* Resources */ = {
			isa = PBXResourcesBuildPhase;
			buildActionMask = 2147483647;
			files = (
				5BCBFB34284667CA008586AE /* San Antonio.json in Resources */,
				5BCBFB2E284667CA008586AE /* Philadelphia.json in Resources */,
				5BCBFB30284667CA008586AE /* Miami.json in Resources */,
				5BCBFB33284667CA008586AE /* Las Vegas.json in Resources */,
				5BCBFB29284667CA008586AE /* Boston.json in Resources */,
				5B8EB6E628413431007A4A58 /* ExploreData.plist in Resources */,
				5BCBFB31284667CA008586AE /* Houston.json in Resources */,
				5B8EB6D7283FE652007A4A58 /* LaunchScreen.storyboard in Resources */,
				5BCBFB2B284667CA008586AE /* Portland.json in Resources */,
				5B8DACD22847A64100654642 /* NoDataView.xib in Resources */,
				5BCBFB2D284667CA008586AE /* New York.json in Resources */,
				5BCBFB32284667CA008586AE /* Chicago.json in Resources */,
				5B8EB6D4283FE652007A4A58 /* Assets.xcassets in Resources */,
				5B7861B9284626070094ECBC /* ReviewForm.storyboard in Resources */,
				5BCBFB2C284667CA008586AE /* Los Angeles.json in Resources */,
				5BCBFB28284667CA008586AE /* Charleston.json in Resources */,
				5BCBFB2A284667CA008586AE /* San Francisco.json in Resources */,
				5B866A93284A413B00A91B76 /* FilterData.plist in Resources */,
				5BFABEBF2844E14D00F2C454 /* Locations.plist in Resources */,
				5B7861B3284625B00094ECBC /* RestaurantDetail.storyboard in Resources */,
				5BCBFB2F284667CA008586AE /* Aspen.json in Resources */,
				5BCBFB27284667CA008586AE /* New Orleans.json in Resources */,
				5B7861B7284625FF0094ECBC /* PhotoFilter.storyboard in Resources */,
				5BFABEC5284508E000F2C454 /* MapLocations.plist in Resources */,
				5B8EB6D2283FE64E007A4A58 /* Main.storyboard in Resources */,
			);
			runOnlyForDeploymentPostprocessing = 0;
		};
/* End PBXResourcesBuildPhase section */

/* Begin PBXSourcesBuildPhase section */
		5B8EB6C3283FE64E007A4A58 /* Sources */ = {
			isa = PBXSourcesBuildPhase;
			buildActionMask = 2147483647;
			files = (
				5B8DACD8284917C400654642 /* ReviewFormViewController.swift in Sources */,
				5B8DACC828476FD300654642 /* LocationItem.swift in Sources */,
				5B8DACD42849092800654642 /* RatingsView.swift in Sources */,
				5BEC37362850FD2300ED62D5 /* Device.swift in Sources */,
				5B8DACCA284775F300654642 /* ExploreHeaderView.swift in Sources */,
				5B8EB6E8284134C5007A4A58 /* ExploreItem.swift in Sources */,
				5B866A9E284A4A7200A91B76 /* PhotoFilterViewController.swift in Sources */,
				5B866A9C284A47EA00A91B76 /* FilterCell.swift in Sources */,
				5BEC372F284FB33500ED62D5 /* ReviewsViewController.swift in Sources */,
				5BEC37322850E47300ED62D5 /* PhotoCell.swift in Sources */,
				5B866A99284A43B600A91B76 /* ImageFiltering.swift in Sources */,
				5BEC37342850E50D00ED62D5 /* PhotosViewController.swift in Sources */,
				5BFABED12845154E00F2C454 /* DataManager.swift in Sources */,
				5BFABECD28450F1E00F2C454 /* MapDataManager.swift in Sources */,
				5B8DACD02847A5DC00654642 /* NoDataView.swift in Sources */,
				5BEC372A284F9A3900ED62D5 /* CoreDataManager.swift in Sources */,
				5B8EB6CB283FE64E007A4A58 /* AppDelegate.swift in Sources */,
				5BCBFB3728466A97008586AE /* RestaurantDataManager.swift in Sources */,
				5B8EB6E328410408007A4A58 /* RestaurantListViewController.swift in Sources */,
				5B7861BB284627720094ECBC /* Segue.swift in Sources */,
				5B8DACCD2847A46B00654642 /* RestaurantCell.swift in Sources */,
				5BEC3726284F965B00ED62D5 /* ReviewItem.swift in Sources */,
				5B866A97284A425500A91B76 /* FilterDataManager.swift in Sources */,
				5B8EB6CD283FE64E007A4A58 /* SceneDelegate.swift in Sources */,
				5BFABED328451C0700F2C454 /* MapViewController.swift in Sources */,
				5BEC3728284F979D00ED62D5 /* RestaurantPhotoItem.swift in Sources */,
				5B866A95284A418500A91B76 /* FilterItem.swift in Sources */,
				5B8EB6E02840DA79007A4A58 /* ExploreViewController.swift in Sources */,
				5B8EB6EA28413620007A4A58 /* ExploreDataManager.swift in Sources */,
				5BFABEB82844CD5A00F2C454 /* ExploreCell.swift in Sources */,
				5BFABECB28450ACA00F2C454 /* RestaurantItem.swift in Sources */,
				5B9992A1284F92CF0016C990 /* LetsEatModel.xcdatamodeld in Sources */,
				5BFABEC12844E36600F2C454 /* LocationDataManager.swift in Sources */,
				5BEC372D284FB2B000ED62D5 /* ReviewCell.swift in Sources */,
				5BFABEBD2844DC6C00F2C454 /* LocationViewController.swift in Sources */,
				5BCBFB17284658A3008586AE /* RestaurantDetailViewController.swift in Sources */,
			);
			runOnlyForDeploymentPostprocessing = 0;
		};
/* End PBXSourcesBuildPhase section */

/* Begin PBXVariantGroup section */
		5B8EB6D0283FE64E007A4A58 /* Main.storyboard */ = {
			isa = PBXVariantGroup;
			children = (
				5B8EB6D1283FE64E007A4A58 /* Base */,
			);
			name = Main.storyboard;
			sourceTree = "<group>";
		};
		5B8EB6D5283FE652007A4A58 /* LaunchScreen.storyboard */ = {
			isa = PBXVariantGroup;
			children = (
				5B8EB6D6283FE652007A4A58 /* Base */,
			);
			name = LaunchScreen.storyboard;
			sourceTree = "<group>";
		};
/* End PBXVariantGroup section */

/* Begin XCBuildConfiguration section */
		5B8EB6D9283FE653007A4A58 /* Debug */ = {
			isa = XCBuildConfiguration;
			buildSettings = {
				ALWAYS_SEARCH_USER_PATHS = NO;
				CLANG_ANALYZER_NONNULL = YES;
				CLANG_ANALYZER_NUMBER_OBJECT_CONVERSION = YES_AGGRESSIVE;
				CLANG_CXX_LANGUAGE_STANDARD = "gnu++17";
				CLANG_CXX_LIBRARY = "libc++";
				CLANG_ENABLE_MODULES = YES;
				CLANG_ENABLE_OBJC_ARC = YES;
				CLANG_ENABLE_OBJC_WEAK = YES;
				CLANG_WARN_BLOCK_CAPTURE_AUTORELEASING = YES;
				CLANG_WARN_BOOL_CONVERSION = YES;
				CLANG_WARN_COMMA = YES;
				CLANG_WARN_CONSTANT_CONVERSION = YES;
				CLANG_WARN_DEPRECATED_OBJC_IMPLEMENTATIONS = YES;
				CLANG_WARN_DIRECT_OBJC_ISA_USAGE = YES_ERROR;
				CLANG_WARN_DOCUMENTATION_COMMENTS = YES;
				CLANG_WARN_EMPTY_BODY = YES;
				CLANG_WARN_ENUM_CONVERSION = YES;
				CLANG_WARN_INFINITE_RECURSION = YES;
				CLANG_WARN_INT_CONVERSION = YES;
				CLANG_WARN_NON_LITERAL_NULL_CONVERSION = YES;
				CLANG_WARN_OBJC_IMPLICIT_RETAIN_SELF = YES;
				CLANG_WARN_OBJC_LITERAL_CONVERSION = YES;
				CLANG_WARN_OBJC_ROOT_CLASS = YES_ERROR;
				CLANG_WARN_QUOTED_INCLUDE_IN_FRAMEWORK_HEADER = YES;
				CLANG_WARN_RANGE_LOOP_ANALYSIS = YES;
				CLANG_WARN_STRICT_PROTOTYPES = YES;
				CLANG_WARN_SUSPICIOUS_MOVE = YES;
				CLANG_WARN_UNGUARDED_AVAILABILITY = YES_AGGRESSIVE;
				CLANG_WARN_UNREACHABLE_CODE = YES;
				CLANG_WARN__DUPLICATE_METHOD_MATCH = YES;
				COPY_PHASE_STRIP = NO;
				DEBUG_INFORMATION_FORMAT = dwarf;
				ENABLE_STRICT_OBJC_MSGSEND = YES;
				ENABLE_TESTABILITY = YES;
				GCC_C_LANGUAGE_STANDARD = gnu11;
				GCC_DYNAMIC_NO_PIC = NO;
				GCC_NO_COMMON_BLOCKS = YES;
				GCC_OPTIMIZATION_LEVEL = 0;
				GCC_PREPROCESSOR_DEFINITIONS = (
					"DEBUG=1",
					"$(inherited)",
				);
				GCC_WARN_64_TO_32_BIT_CONVERSION = YES;
				GCC_WARN_ABOUT_RETURN_TYPE = YES_ERROR;
				GCC_WARN_UNDECLARED_SELECTOR = YES;
				GCC_WARN_UNINITIALIZED_AUTOS = YES_AGGRESSIVE;
				GCC_WARN_UNUSED_FUNCTION = YES;
				GCC_WARN_UNUSED_VARIABLE = YES;
				IPHONEOS_DEPLOYMENT_TARGET = 15.2;
				MTL_ENABLE_DEBUG_INFO = INCLUDE_SOURCE;
				MTL_FAST_MATH = YES;
				ONLY_ACTIVE_ARCH = YES;
				SDKROOT = iphoneos;
				SWIFT_ACTIVE_COMPILATION_CONDITIONS = DEBUG;
				SWIFT_OPTIMIZATION_LEVEL = "-Onone";
			};
			name = Debug;
		};
		5B8EB6DA283FE653007A4A58 /* Release */ = {
			isa = XCBuildConfiguration;
			buildSettings = {
				ALWAYS_SEARCH_USER_PATHS = NO;
				CLANG_ANALYZER_NONNULL = YES;
				CLANG_ANALYZER_NUMBER_OBJECT_CONVERSION = YES_AGGRESSIVE;
				CLANG_CXX_LANGUAGE_STANDARD = "gnu++17";
				CLANG_CXX_LIBRARY = "libc++";
				CLANG_ENABLE_MODULES = YES;
				CLANG_ENABLE_OBJC_ARC = YES;
				CLANG_ENABLE_OBJC_WEAK = YES;
				CLANG_WARN_BLOCK_CAPTURE_AUTORELEASING = YES;
				CLANG_WARN_BOOL_CONVERSION = YES;
				CLANG_WARN_COMMA = YES;
				CLANG_WARN_CONSTANT_CONVERSION = YES;
				CLANG_WARN_DEPRECATED_OBJC_IMPLEMENTATIONS = YES;
				CLANG_WARN_DIRECT_OBJC_ISA_USAGE = YES_ERROR;
				CLANG_WARN_DOCUMENTATION_COMMENTS = YES;
				CLANG_WARN_EMPTY_BODY = YES;
				CLANG_WARN_ENUM_CONVERSION = YES;
				CLANG_WARN_INFINITE_RECURSION = YES;
				CLANG_WARN_INT_CONVERSION = YES;
				CLANG_WARN_NON_LITERAL_NULL_CONVERSION = YES;
				CLANG_WARN_OBJC_IMPLICIT_RETAIN_SELF = YES;
				CLANG_WARN_OBJC_LITERAL_CONVERSION = YES;
				CLANG_WARN_OBJC_ROOT_CLASS = YES_ERROR;
				CLANG_WARN_QUOTED_INCLUDE_IN_FRAMEWORK_HEADER = YES;
				CLANG_WARN_RANGE_LOOP_ANALYSIS = YES;
				CLANG_WARN_STRICT_PROTOTYPES = YES;
				CLANG_WARN_SUSPICIOUS_MOVE = YES;
				CLANG_WARN_UNGUARDED_AVAILABILITY = YES_AGGRESSIVE;
				CLANG_WARN_UNREACHABLE_CODE = YES;
				CLANG_WARN__DUPLICATE_METHOD_MATCH = YES;
				COPY_PHASE_STRIP = NO;
				DEBUG_INFORMATION_FORMAT = "dwarf-with-dsym";
				ENABLE_NS_ASSERTIONS = NO;
				ENABLE_STRICT_OBJC_MSGSEND = YES;
				GCC_C_LANGUAGE_STANDARD = gnu11;
				GCC_NO_COMMON_BLOCKS = YES;
				GCC_WARN_64_TO_32_BIT_CONVERSION = YES;
				GCC_WARN_ABOUT_RETURN_TYPE = YES_ERROR;
				GCC_WARN_UNDECLARED_SELECTOR = YES;
				GCC_WARN_UNINITIALIZED_AUTOS = YES_AGGRESSIVE;
				GCC_WARN_UNUSED_FUNCTION = YES;
				GCC_WARN_UNUSED_VARIABLE = YES;
				IPHONEOS_DEPLOYMENT_TARGET = 15.2;
				MTL_ENABLE_DEBUG_INFO = NO;
				MTL_FAST_MATH = YES;
				SDKROOT = iphoneos;
				SWIFT_COMPILATION_MODE = wholemodule;
				SWIFT_OPTIMIZATION_LEVEL = "-O";
				VALIDATE_PRODUCT = YES;
			};
			name = Release;
		};
		5B8EB6DC283FE653007A4A58 /* Debug */ = {
			isa = XCBuildConfiguration;
			buildSettings = {
				ASSETCATALOG_COMPILER_APPICON_NAME = AppIcon;
				ASSETCATALOG_COMPILER_GLOBAL_ACCENT_COLOR_NAME = AccentColor;
				CODE_SIGN_ENTITLEMENTS = LetsEat/LetsEat.entitlements;
				CODE_SIGN_STYLE = Automatic;
				CURRENT_PROJECT_VERSION = 1;
				DEVELOPMENT_TEAM = DAZW7UB9Z9;
				GENERATE_INFOPLIST_FILE = YES;
				INFOPLIST_FILE = LetsEat/Info.plist;
				INFOPLIST_KEY_UIApplicationSupportsIndirectInputEvents = YES;
				INFOPLIST_KEY_UILaunchStoryboardName = LaunchScreen;
				INFOPLIST_KEY_UIMainStoryboardFile = Main;
				INFOPLIST_KEY_UISupportedInterfaceOrientations_iPad = "UIInterfaceOrientationPortrait UIInterfaceOrientationPortraitUpsideDown UIInterfaceOrientationLandscapeLeft UIInterfaceOrientationLandscapeRight";
				INFOPLIST_KEY_UISupportedInterfaceOrientations_iPhone = "UIInterfaceOrientationPortrait UIInterfaceOrientationLandscapeLeft UIInterfaceOrientationLandscapeRight";
				IPHONEOS_DEPLOYMENT_TARGET = 15.0;
				"IPHONEOS_DEPLOYMENT_TARGET[sdk=macosx*]" = 14.7;
				LD_RUNPATH_SEARCH_PATHS = (
					"$(inherited)",
					"@executable_path/Frameworks",
				);
				MARKETING_VERSION = 1.0;
				PRODUCT_BUNDLE_IDENTIFIER = com.Esteban.Calvete.LetsEat;
				PRODUCT_NAME = "$(TARGET_NAME)";
				SUPPORTS_MACCATALYST = YES;
				SWIFT_EMIT_LOC_STRINGS = YES;
				SWIFT_VERSION = 5.0;
				TARGETED_DEVICE_FAMILY = "1,2";
			};
			name = Debug;
		};
		5B8EB6DD283FE653007A4A58 /* Release */ = {
			isa = XCBuildConfiguration;
			buildSettings = {
				ASSETCATALOG_COMPILER_APPICON_NAME = AppIcon;
				ASSETCATALOG_COMPILER_GLOBAL_ACCENT_COLOR_NAME = AccentColor;
				CODE_SIGN_ENTITLEMENTS = LetsEat/LetsEat.entitlements;
				CODE_SIGN_STYLE = Automatic;
				CURRENT_PROJECT_VERSION = 1;
				DEVELOPMENT_TEAM = DAZW7UB9Z9;
				GENERATE_INFOPLIST_FILE = YES;
				INFOPLIST_FILE = LetsEat/Info.plist;
				INFOPLIST_KEY_UIApplicationSupportsIndirectInputEvents = YES;
				INFOPLIST_KEY_UILaunchStoryboardName = LaunchScreen;
				INFOPLIST_KEY_UIMainStoryboardFile = Main;
				INFOPLIST_KEY_UISupportedInterfaceOrientations_iPad = "UIInterfaceOrientationPortrait UIInterfaceOrientationPortraitUpsideDown UIInterfaceOrientationLandscapeLeft UIInterfaceOrientationLandscapeRight";
				INFOPLIST_KEY_UISupportedInterfaceOrientations_iPhone = "UIInterfaceOrientationPortrait UIInterfaceOrientationLandscapeLeft UIInterfaceOrientationLandscapeRight";
				IPHONEOS_DEPLOYMENT_TARGET = 15.0;
				"IPHONEOS_DEPLOYMENT_TARGET[sdk=macosx*]" = 14.7;
				LD_RUNPATH_SEARCH_PATHS = (
					"$(inherited)",
					"@executable_path/Frameworks",
				);
				MARKETING_VERSION = 1.0;
				PRODUCT_BUNDLE_IDENTIFIER = com.Esteban.Calvete.LetsEat;
				PRODUCT_NAME = "$(TARGET_NAME)";
				SUPPORTS_MACCATALYST = YES;
				SWIFT_EMIT_LOC_STRINGS = YES;
				SWIFT_VERSION = 5.0;
				TARGETED_DEVICE_FAMILY = "1,2";
			};
			name = Release;
		};
/* End XCBuildConfiguration section */

/* Begin XCConfigurationList section */
		5B8EB6C2283FE64E007A4A58 /* Build configuration list for PBXProject "LetsEat" */ = {
			isa = XCConfigurationList;
			buildConfigurations = (
				5B8EB6D9283FE653007A4A58 /* Debug */,
				5B8EB6DA283FE653007A4A58 /* Release */,
			);
			defaultConfigurationIsVisible = 0;
			defaultConfigurationName = Release;
		};
		5B8EB6DB283FE653007A4A58 /* Build configuration list for PBXNativeTarget "LetsEat" */ = {
			isa = XCConfigurationList;
			buildConfigurations = (
				5B8EB6DC283FE653007A4A58 /* Debug */,
				5B8EB6DD283FE653007A4A58 /* Release */,
			);
			defaultConfigurationIsVisible = 0;
			defaultConfigurationName = Release;
		};
/* End XCConfigurationList section */

/* Begin XCVersionGroup section */
		5B99929F284F92CE0016C990 /* LetsEatModel.xcdatamodeld */ = {
			isa = XCVersionGroup;
			children = (
				5B9992A0284F92CF0016C990 /* LetsEatModel.xcdatamodel */,
			);
			currentVersion = 5B9992A0284F92CF0016C990 /* LetsEatModel.xcdatamodel */;
			path = LetsEatModel.xcdatamodeld;
			sourceTree = "<group>";
			versionGroupType = wrapper.xcdatamodel;
		};
/* End XCVersionGroup section */
	};
	rootObject = 5B8EB6BF283FE64E007A4A58 /* Project object */;
}
