// !$*UTF8*$!
{
	archiveVersion = 1;
	classes = {
	};
	objectVersion = 55;
	objects = {

/* Begin PBXBuildFile section */
		5B8EB6CB283FE64E007A4A58 /* AppDelegate.swift in Sources */ = {isa = PBXBuildFile; fileRef = 5B8EB6CA283FE64E007A4A58 /* AppDelegate.swift */; };
		5B8EB6CD283FE64E007A4A58 /* SceneDelegate.swift in Sources */ = {isa = PBXBuildFile; fileRef = 5B8EB6CC283FE64E007A4A58 /* SceneDelegate.swift */; };
		5B8EB6D2283FE64E007A4A58 /* Main.storyboard in Resources */ = {isa = PBXBuildFile; fileRef = 5B8EB6D0283FE64E007A4A58 /* Main.storyboard */; };
		5B8EB6D4283FE652007A4A58 /* Assets.xcassets in Resources */ = {isa = PBXBuildFile; fileRef = 5B8EB6D3283FE652007A4A58 /* Assets.xcassets */; };
		5B8EB6D7283FE652007A4A58 /* LaunchScreen.storyboard in Resources */ = {isa = PBXBuildFile; fileRef = 5B8EB6D5283FE652007A4A58 /* LaunchScreen.storyboard */; };
		5B8EB6E02840DA79007A4A58 /* ExploreViewController.swift in Sources */ = {isa = PBXBuildFile; fileRef = 5B8EB6DF2840DA79007A4A58 /* ExploreViewController.swift */; };
		5B8EB6E328410408007A4A58 /* RestaurantListViewController.swift in Sources */ = {isa = PBXBuildFile; fileRef = 5B8EB6E228410408007A4A58 /* RestaurantListViewController.swift */; };
		5B8EB6E628413431007A4A58 /* ExploreData.plist in Resources */ = {isa = PBXBuildFile; fileRef = 5B8EB6E528413431007A4A58 /* ExploreData.plist */; };
		5B8EB6E8284134C5007A4A58 /* ExploreItem.swift in Sources */ = {isa = PBXBuildFile; fileRef = 5B8EB6E7284134C5007A4A58 /* ExploreItem.swift */; };
		5B8EB6EA28413620007A4A58 /* ExploreDataManager.swift in Sources */ = {isa = PBXBuildFile; fileRef = 5B8EB6E928413620007A4A58 /* ExploreDataManager.swift */; };
		5BFABEB82844CD5A00F2C454 /* ExploreCell.swift in Sources */ = {isa = PBXBuildFile; fileRef = 5BFABEB72844CD5A00F2C454 /* ExploreCell.swift */; };
		5BFABEBD2844DC6C00F2C454 /* LocationViewController.swift in Sources */ = {isa = PBXBuildFile; fileRef = 5BFABEBC2844DC6C00F2C454 /* LocationViewController.swift */; };
		5BFABEBF2844E14D00F2C454 /* Locations.plist in Resources */ = {isa = PBXBuildFile; fileRef = 5BFABEBE2844E14D00F2C454 /* Locations.plist */; };
		5BFABEC12844E36600F2C454 /* LocationDataManager.swift in Sources */ = {isa = PBXBuildFile; fileRef = 5BFABEC02844E36600F2C454 /* LocationDataManager.swift */; };
/* End PBXBuildFile section */

/* Begin PBXFileReference section */
		5B8EB6C7283FE64E007A4A58 /* LetsEat.app */ = {isa = PBXFileReference; explicitFileType = wrapper.application; includeInIndex = 0; path = LetsEat.app; sourceTree = BUILT_PRODUCTS_DIR; };
		5B8EB6CA283FE64E007A4A58 /* AppDelegate.swift */ = {isa = PBXFileReference; lastKnownFileType = sourcecode.swift; path = AppDelegate.swift; sourceTree = "<group>"; };
		5B8EB6CC283FE64E007A4A58 /* SceneDelegate.swift */ = {isa = PBXFileReference; lastKnownFileType = sourcecode.swift; path = SceneDelegate.swift; sourceTree = "<group>"; };
		5B8EB6D1283FE64E007A4A58 /* Base */ = {isa = PBXFileReference; lastKnownFileType = file.storyboard; name = Base; path = Base.lproj/Main.storyboard; sourceTree = "<group>"; };
		5B8EB6D3283FE652007A4A58 /* Assets.xcassets */ = {isa = PBXFileReference; lastKnownFileType = folder.assetcatalog; path = Assets.xcassets; sourceTree = "<group>"; };
		5B8EB6D6283FE652007A4A58 /* Base */ = {isa = PBXFileReference; lastKnownFileType = file.storyboard; name = Base; path = Base.lproj/LaunchScreen.storyboard; sourceTree = "<group>"; };
		5B8EB6D8283FE653007A4A58 /* Info.plist */ = {isa = PBXFileReference; lastKnownFileType = text.plist.xml; path = Info.plist; sourceTree = "<group>"; };
		5B8EB6DF2840DA79007A4A58 /* ExploreViewController.swift */ = {isa = PBXFileReference; lastKnownFileType = sourcecode.swift; path = ExploreViewController.swift; sourceTree = "<group>"; };
		5B8EB6E228410408007A4A58 /* RestaurantListViewController.swift */ = {isa = PBXFileReference; lastKnownFileType = sourcecode.swift; path = RestaurantListViewController.swift; sourceTree = "<group>"; };
		5B8EB6E528413431007A4A58 /* ExploreData.plist */ = {isa = PBXFileReference; fileEncoding = 4; lastKnownFileType = text.plist.xml; path = ExploreData.plist; sourceTree = "<group>"; };
		5B8EB6E7284134C5007A4A58 /* ExploreItem.swift */ = {isa = PBXFileReference; lastKnownFileType = sourcecode.swift; path = ExploreItem.swift; sourceTree = "<group>"; };
		5B8EB6E928413620007A4A58 /* ExploreDataManager.swift */ = {isa = PBXFileReference; lastKnownFileType = sourcecode.swift; path = ExploreDataManager.swift; sourceTree = "<group>"; };
		5BFABEB72844CD5A00F2C454 /* ExploreCell.swift */ = {isa = PBXFileReference; lastKnownFileType = sourcecode.swift; path = ExploreCell.swift; sourceTree = "<group>"; };
		5BFABEBC2844DC6C00F2C454 /* LocationViewController.swift */ = {isa = PBXFileReference; lastKnownFileType = sourcecode.swift; path = LocationViewController.swift; sourceTree = "<group>"; };
		5BFABEBE2844E14D00F2C454 /* Locations.plist */ = {isa = PBXFileReference; lastKnownFileType = text.plist.xml; path = Locations.plist; sourceTree = "<group>"; };
		5BFABEC02844E36600F2C454 /* LocationDataManager.swift */ = {isa = PBXFileReference; lastKnownFileType = sourcecode.swift; path = LocationDataManager.swift; sourceTree = "<group>"; };
/* End PBXFileReference section */

/* Begin PBXFrameworksBuildPhase section */
		5B8EB6C4283FE64E007A4A58 /* Frameworks */ = {
			isa = PBXFrameworksBuildPhase;
			buildActionMask = 2147483647;
			files = (
			);
			runOnlyForDeploymentPostprocessing = 0;
		};
/* End PBXFrameworksBuildPhase section */

/* Begin PBXGroup section */
		5B8EB6BE283FE64E007A4A58 = {
			isa = PBXGroup;
			children = (
				5B8EB6C9283FE64E007A4A58 /* LetsEat */,
				5B8EB6C8283FE64E007A4A58 /* Products */,
			);
			sourceTree = "<group>";
		};
		5B8EB6C8283FE64E007A4A58 /* Products */ = {
			isa = PBXGroup;
			children = (
				5B8EB6C7283FE64E007A4A58 /* LetsEat.app */,
			);
			name = Products;
			sourceTree = "<group>";
		};
		5B8EB6C9283FE64E007A4A58 /* LetsEat */ = {
			isa = PBXGroup;
			children = (
				5BFABEB92844DAD400F2C454 /* Location */,
				5B8EB6E1284103CB007A4A58 /* Restaurants */,
				5B8EB6DE2840D9F7007A4A58 /* Explore */,
				5B8EB6CA283FE64E007A4A58 /* AppDelegate.swift */,
				5B8EB6CC283FE64E007A4A58 /* SceneDelegate.swift */,
				5B8EB6D0283FE64E007A4A58 /* Main.storyboard */,
				5B8EB6D3283FE652007A4A58 /* Assets.xcassets */,
				5B8EB6D5283FE652007A4A58 /* LaunchScreen.storyboard */,
				5B8EB6D8283FE653007A4A58 /* Info.plist */,
			);
			path = LetsEat;
			sourceTree = "<group>";
		};
		5B8EB6DE2840D9F7007A4A58 /* Explore */ = {
			isa = PBXGroup;
			children = (
				5BFABEB42844CCE000F2C454 /* View */,
				5B8EB6E428413409007A4A58 /* Model */,
				5B8EB6DF2840DA79007A4A58 /* ExploreViewController.swift */,
			);
			path = Explore;
			sourceTree = "<group>";
		};
		5B8EB6E1284103CB007A4A58 /* Restaurants */ = {
			isa = PBXGroup;
			children = (
				5B8EB6E228410408007A4A58 /* RestaurantListViewController.swift */,
			);
			path = Restaurants;
			sourceTree = "<group>";
		};
		5B8EB6E428413409007A4A58 /* Model */ = {
			isa = PBXGroup;
			children = (
				5B8EB6E528413431007A4A58 /* ExploreData.plist */,
				5B8EB6E7284134C5007A4A58 /* ExploreItem.swift */,
				5B8EB6E928413620007A4A58 /* ExploreDataManager.swift */,
			);
			path = Model;
			sourceTree = "<group>";
		};
		5BFABEB42844CCE000F2C454 /* View */ = {
			isa = PBXGroup;
			children = (
				5BFABEB72844CD5A00F2C454 /* ExploreCell.swift */,
			);
			path = View;
			sourceTree = "<group>";
		};
		5BFABEB92844DAD400F2C454 /* Location */ = {
			isa = PBXGroup;
			children = (
				5BFABEBB2844DAFD00F2C454 /* Model */,
				5BFABEBA2844DAF500F2C454 /* View */,
				5BFABEBC2844DC6C00F2C454 /* LocationViewController.swift */,
			);
			path = Location;
			sourceTree = "<group>";
		};
		5BFABEBA2844DAF500F2C454 /* View */ = {
			isa = PBXGroup;
			children = (
			);
			path = View;
			sourceTree = "<group>";
		};
		5BFABEBB2844DAFD00F2C454 /* Model */ = {
			isa = PBXGroup;
			children = (
				5BFABEBE2844E14D00F2C454 /* Locations.plist */,
				5BFABEC02844E36600F2C454 /* LocationDataManager.swift */,
			);
			path = Model;
			sourceTree = "<group>";
		};
/* End PBXGroup section */

/* Begin PBXNativeTarget section */
		5B8EB6C6283FE64E007A4A58 /* LetsEat */ = {
			isa = PBXNativeTarget;
			buildConfigurationList = 5B8EB6DB283FE653007A4A58 /* Build configuration list for PBXNativeTarget "LetsEat" */;
			buildPhases = (
				5B8EB6C3283FE64E007A4A58 /* Sources */,
				5B8EB6C4283FE64E007A4A58 /* Frameworks */,
				5B8EB6C5283FE64E007A4A58 /* Resources */,
			);
			buildRules = (
			);
			dependencies = (
			);
			name = LetsEat;
			productName = LetsEat;
			productReference = 5B8EB6C7283FE64E007A4A58 /* LetsEat.app */;
			productType = "com.apple.product-type.application";
		};
/* End PBXNativeTarget section */

/* Begin PBXProject section */
		5B8EB6BF283FE64E007A4A58 /* Project object */ = {
			isa = PBXProject;
			attributes = {
				BuildIndependentTargetsInParallel = 1;
				LastSwiftUpdateCheck = 1320;
				LastUpgradeCheck = 1320;
				TargetAttributes = {
					5B8EB6C6283FE64E007A4A58 = {
						CreatedOnToolsVersion = 13.2.1;
					};
				};
			};
			buildConfigurationList = 5B8EB6C2283FE64E007A4A58 /* Build configuration list for PBXProject "LetsEat" */;
			compatibilityVersion = "Xcode 13.0";
			developmentRegion = en;
			hasScannedForEncodings = 0;
			knownRegions = (
				en,
				Base,
			);
			mainGroup = 5B8EB6BE283FE64E007A4A58;
			productRefGroup = 5B8EB6C8283FE64E007A4A58 /* Products */;
			projectDirPath = "";
			projectRoot = "";
			targets = (
				5B8EB6C6283FE64E007A4A58 /* LetsEat */,
			);
		};
/* End PBXProject section */

/* Begin PBXResourcesBuildPhase section */
		5B8EB6C5283FE64E007A4A58 /* Resources */ = {
			isa = PBXResourcesBuildPhase;
			buildActionMask = 2147483647;
			files = (
				5B8EB6E628413431007A4A58 /* ExploreData.plist in Resources */,
				5B8EB6D7283FE652007A4A58 /* LaunchScreen.storyboard in Resources */,
				5B8EB6D4283FE652007A4A58 /* Assets.xcassets in Resources */,
				5BFABEBF2844E14D00F2C454 /* Locations.plist in Resources */,
				5B8EB6D2283FE64E007A4A58 /* Main.storyboard in Resources */,
			);
			runOnlyForDeploymentPostprocessing = 0;
		};
/* End PBXResourcesBuildPhase section */

/* Begin PBXSourcesBuildPhase section */
		5B8EB6C3283FE64E007A4A58 /* Sources */ = {
			isa = PBXSourcesBuildPhase;
			buildActionMask = 2147483647;
			files = (
				5B8EB6E8284134C5007A4A58 /* ExploreItem.swift in Sources */,
				5B8EB6CB283FE64E007A4A58 /* AppDelegate.swift in Sources */,
				5B8EB6E328410408007A4A58 /* RestaurantListViewController.swift in Sources */,
				5B8EB6CD283FE64E007A4A58 /* SceneDelegate.swift in Sources */,
				5B8EB6E02840DA79007A4A58 /* ExploreViewController.swift in Sources */,
				5B8EB6EA28413620007A4A58 /* ExploreDataManager.swift in Sources */,
				5BFABEB82844CD5A00F2C454 /* ExploreCell.swift in Sources */,
				5BFABEC12844E36600F2C454 /* LocationDataManager.swift in Sources */,
				5BFABEBD2844DC6C00F2C454 /* LocationViewController.swift in Sources */,
			);
			runOnlyForDeploymentPostprocessing = 0;
		};
/* End PBXSourcesBuildPhase section */

/* Begin PBXVariantGroup section */
		5B8EB6D0283FE64E007A4A58 /* Main.storyboard */ = {
			isa = PBXVariantGroup;
			children = (
				5B8EB6D1283FE64E007A4A58 /* Base */,
			);
			name = Main.storyboard;
			sourceTree = "<group>";
		};
		5B8EB6D5283FE652007A4A58 /* LaunchScreen.storyboard */ = {
			isa = PBXVariantGroup;
			children = (
				5B8EB6D6283FE652007A4A58 /* Base */,
			);
			name = LaunchScreen.storyboard;
			sourceTree = "<group>";
		};
/* End PBXVariantGroup section */

/* Begin XCBuildConfiguration section */
		5B8EB6D9283FE653007A4A58 /* Debug */ = {
			isa = XCBuildConfiguration;
			buildSettings = {
				ALWAYS_SEARCH_USER_PATHS = NO;
				CLANG_ANALYZER_NONNULL = YES;
				CLANG_ANALYZER_NUMBER_OBJECT_CONVERSION = YES_AGGRESSIVE;
				CLANG_CXX_LANGUAGE_STANDARD = "gnu++17";
				CLANG_CXX_LIBRARY = "libc++";
				CLANG_ENABLE_MODULES = YES;
				CLANG_ENABLE_OBJC_ARC = YES;
				CLANG_ENABLE_OBJC_WEAK = YES;
				CLANG_WARN_BLOCK_CAPTURE_AUTORELEASING = YES;
				CLANG_WARN_BOOL_CONVERSION = YES;
				CLANG_WARN_COMMA = YES;
				CLANG_WARN_CONSTANT_CONVERSION = YES;
				CLANG_WARN_DEPRECATED_OBJC_IMPLEMENTATIONS = YES;
				CLANG_WARN_DIRECT_OBJC_ISA_USAGE = YES_ERROR;
				CLANG_WARN_DOCUMENTATION_COMMENTS = YES;
				CLANG_WARN_EMPTY_BODY = YES;
				CLANG_WARN_ENUM_CONVERSION = YES;
				CLANG_WARN_INFINITE_RECURSION = YES;
				CLANG_WARN_INT_CONVERSION = YES;
				CLANG_WARN_NON_LITERAL_NULL_CONVERSION = YES;
				CLANG_WARN_OBJC_IMPLICIT_RETAIN_SELF = YES;
				CLANG_WARN_OBJC_LITERAL_CONVERSION = YES;
				CLANG_WARN_OBJC_ROOT_CLASS = YES_ERROR;
				CLANG_WARN_QUOTED_INCLUDE_IN_FRAMEWORK_HEADER = YES;
				CLANG_WARN_RANGE_LOOP_ANALYSIS = YES;
				CLANG_WARN_STRICT_PROTOTYPES = YES;
				CLANG_WARN_SUSPICIOUS_MOVE = YES;
				CLANG_WARN_UNGUARDED_AVAILABILITY = YES_AGGRESSIVE;
				CLANG_WARN_UNREACHABLE_CODE = YES;
				CLANG_WARN__DUPLICATE_METHOD_MATCH = YES;
				COPY_PHASE_STRIP = NO;
				DEBUG_INFORMATION_FORMAT = dwarf;
				ENABLE_STRICT_OBJC_MSGSEND = YES;
				ENABLE_TESTABILITY = YES;
				GCC_C_LANGUAGE_STANDARD = gnu11;
				GCC_DYNAMIC_NO_PIC = NO;
				GCC_NO_COMMON_BLOCKS = YES;
				GCC_OPTIMIZATION_LEVEL = 0;
				GCC_PREPROCESSOR_DEFINITIONS = (
					"DEBUG=1",
					"$(inherited)",
				);
				GCC_WARN_64_TO_32_BIT_CONVERSION = YES;
				GCC_WARN_ABOUT_RETURN_TYPE = YES_ERROR;
				GCC_WARN_UNDECLARED_SELECTOR = YES;
				GCC_WARN_UNINITIALIZED_AUTOS = YES_AGGRESSIVE;
				GCC_WARN_UNUSED_FUNCTION = YES;
				GCC_WARN_UNUSED_VARIABLE = YES;
				IPHONEOS_DEPLOYMENT_TARGET = 15.2;
				MTL_ENABLE_DEBUG_INFO = INCLUDE_SOURCE;
				MTL_FAST_MATH = YES;
				ONLY_ACTIVE_ARCH = YES;
				SDKROOT = iphoneos;
				SWIFT_ACTIVE_COMPILATION_CONDITIONS = DEBUG;
				SWIFT_OPTIMIZATION_LEVEL = "-Onone";
			};
			name = Debug;
		};
		5B8EB6DA283FE653007A4A58 /* Release */ = {
			isa = XCBuildConfiguration;
			buildSettings = {
				ALWAYS_SEARCH_USER_PATHS = NO;
				CLANG_ANALYZER_NONNULL = YES;
				CLANG_ANALYZER_NUMBER_OBJECT_CONVERSION = YES_AGGRESSIVE;
				CLANG_CXX_LANGUAGE_STANDARD = "gnu++17";
				CLANG_CXX_LIBRARY = "libc++";
				CLANG_ENABLE_MODULES = YES;
				CLANG_ENABLE_OBJC_ARC = YES;
				CLANG_ENABLE_OBJC_WEAK = YES;
				CLANG_WARN_BLOCK_CAPTURE_AUTORELEASING = YES;
				CLANG_WARN_BOOL_CONVERSION = YES;
				CLANG_WARN_COMMA = YES;
				CLANG_WARN_CONSTANT_CONVERSION = YES;
				CLANG_WARN_DEPRECATED_OBJC_IMPLEMENTATIONS = YES;
				CLANG_WARN_DIRECT_OBJC_ISA_USAGE = YES_ERROR;
				CLANG_WARN_DOCUMENTATION_COMMENTS = YES;
				CLANG_WARN_EMPTY_BODY = YES;
				CLANG_WARN_ENUM_CONVERSION = YES;
				CLANG_WARN_INFINITE_RECURSION = YES;
				CLANG_WARN_INT_CONVERSION = YES;
				CLANG_WARN_NON_LITERAL_NULL_CONVERSION = YES;
				CLANG_WARN_OBJC_IMPLICIT_RETAIN_SELF = YES;
				CLANG_WARN_OBJC_LITERAL_CONVERSION = YES;
				CLANG_WARN_OBJC_ROOT_CLASS = YES_ERROR;
				CLANG_WARN_QUOTED_INCLUDE_IN_FRAMEWORK_HEADER = YES;
				CLANG_WARN_RANGE_LOOP_ANALYSIS = YES;
				CLANG_WARN_STRICT_PROTOTYPES = YES;
				CLANG_WARN_SUSPICIOUS_MOVE = YES;
				CLANG_WARN_UNGUARDED_AVAILABILITY = YES_AGGRESSIVE;
				CLANG_WARN_UNREACHABLE_CODE = YES;
				CLANG_WARN__DUPLICATE_METHOD_MATCH = YES;
				COPY_PHASE_STRIP = NO;
				DEBUG_INFORMATION_FORMAT = "dwarf-with-dsym";
				ENABLE_NS_ASSERTIONS = NO;
				ENABLE_STRICT_OBJC_MSGSEND = YES;
				GCC_C_LANGUAGE_STANDARD = gnu11;
				GCC_NO_COMMON_BLOCKS = YES;
				GCC_WARN_64_TO_32_BIT_CONVERSION = YES;
				GCC_WARN_ABOUT_RETURN_TYPE = YES_ERROR;
				GCC_WARN_UNDECLARED_SELECTOR = YES;
				GCC_WARN_UNINITIALIZED_AUTOS = YES_AGGRESSIVE;
				GCC_WARN_UNUSED_FUNCTION = YES;
				GCC_WARN_UNUSED_VARIABLE = YES;
				IPHONEOS_DEPLOYMENT_TARGET = 15.2;
				MTL_ENABLE_DEBUG_INFO = NO;
				MTL_FAST_MATH = YES;
				SDKROOT = iphoneos;
				SWIFT_COMPILATION_MODE = wholemodule;
				SWIFT_OPTIMIZATION_LEVEL = "-O";
				VALIDATE_PRODUCT = YES;
			};
			name = Release;
		};
		5B8EB6DC283FE653007A4A58 /* Debug */ = {
			isa = XCBuildConfiguration;
			buildSettings = {
				ASSETCATALOG_COMPILER_APPICON_NAME = AppIcon;
				ASSETCATALOG_COMPILER_GLOBAL_ACCENT_COLOR_NAME = AccentColor;
				CODE_SIGN_STYLE = Automatic;
				CURRENT_PROJECT_VERSION = 1;
				DEVELOPMENT_TEAM = DAZW7UB9Z9;
				GENERATE_INFOPLIST_FILE = YES;
				INFOPLIST_FILE = LetsEat/Info.plist;
				INFOPLIST_KEY_UIApplicationSupportsIndirectInputEvents = YES;
				INFOPLIST_KEY_UILaunchStoryboardName = LaunchScreen;
				INFOPLIST_KEY_UIMainStoryboardFile = Main;
				INFOPLIST_KEY_UISupportedInterfaceOrientations_iPad = "UIInterfaceOrientationPortrait UIInterfaceOrientationPortraitUpsideDown UIInterfaceOrientationLandscapeLeft UIInterfaceOrientationLandscapeRight";
				INFOPLIST_KEY_UISupportedInterfaceOrientations_iPhone = "UIInterfaceOrientationPortrait UIInterfaceOrientationLandscapeLeft UIInterfaceOrientationLandscapeRight";
				LD_RUNPATH_SEARCH_PATHS = (
					"$(inherited)",
					"@executable_path/Frameworks",
				);
				MARKETING_VERSION = 1.0;
				PRODUCT_BUNDLE_IDENTIFIER = com.Esteban.Calvete.LetsEat;
				PRODUCT_NAME = "$(TARGET_NAME)";
				SWIFT_EMIT_LOC_STRINGS = YES;
				SWIFT_VERSION = 5.0;
				TARGETED_DEVICE_FAMILY = "1,2";
			};
			name = Debug;
		};
		5B8EB6DD283FE653007A4A58 /* Release */ = {
			isa = XCBuildConfiguration;
			buildSettings = {
				ASSETCATALOG_COMPILER_APPICON_NAME = AppIcon;
				ASSETCATALOG_COMPILER_GLOBAL_ACCENT_COLOR_NAME = AccentColor;
				CODE_SIGN_STYLE = Automatic;
				CURRENT_PROJECT_VERSION = 1;
				DEVELOPMENT_TEAM = DAZW7UB9Z9;
				GENERATE_INFOPLIST_FILE = YES;
				INFOPLIST_FILE = LetsEat/Info.plist;
				INFOPLIST_KEY_UIApplicationSupportsIndirectInputEvents = YES;
				INFOPLIST_KEY_UILaunchStoryboardName = LaunchScreen;
				INFOPLIST_KEY_UIMainStoryboardFile = Main;
				INFOPLIST_KEY_UISupportedInterfaceOrientations_iPad = "UIInterfaceOrientationPortrait UIInterfaceOrientationPortraitUpsideDown UIInterfaceOrientationLandscapeLeft UIInterfaceOrientationLandscapeRight";
				INFOPLIST_KEY_UISupportedInterfaceOrientations_iPhone = "UIInterfaceOrientationPortrait UIInterfaceOrientationLandscapeLeft UIInterfaceOrientationLandscapeRight";
				LD_RUNPATH_SEARCH_PATHS = (
					"$(inherited)",
					"@executable_path/Frameworks",
				);
				MARKETING_VERSION = 1.0;
				PRODUCT_BUNDLE_IDENTIFIER = com.Esteban.Calvete.LetsEat;
				PRODUCT_NAME = "$(TARGET_NAME)";
				SWIFT_EMIT_LOC_STRINGS = YES;
				SWIFT_VERSION = 5.0;
				TARGETED_DEVICE_FAMILY = "1,2";
			};
			name = Release;
		};
/* End XCBuildConfiguration section */

/* Begin XCConfigurationList section */
		5B8EB6C2283FE64E007A4A58 /* Build configuration list for PBXProject "LetsEat" */ = {
			isa = XCConfigurationList;
			buildConfigurations = (
				5B8EB6D9283FE653007A4A58 /* Debug */,
				5B8EB6DA283FE653007A4A58 /* Release */,
			);
			defaultConfigurationIsVisible = 0;
			defaultConfigurationName = Release;
		};
		5B8EB6DB283FE653007A4A58 /* Build configuration list for PBXNativeTarget "LetsEat" */ = {
			isa = XCConfigurationList;
			buildConfigurations = (
				5B8EB6DC283FE653007A4A58 /* Debug */,
				5B8EB6DD283FE653007A4A58 /* Release */,
			);
			defaultConfigurationIsVisible = 0;
			defaultConfigurationName = Release;
		};
/* End XCConfigurationList section */
	};
	rootObject = 5B8EB6BF283FE64E007A4A58 /* Project object */;
}
